
Microsoft Visual Studio Solution File, Format Version 12.00
# Visual Studio 15
Project("{FAE04EC0-301F-11D3-BF4B-00C04F79EFBC}") = "Assembly-CSharp", "Assembly-CSharp.csproj", "{A6AACFAB-80B4-9050-62F4-CF5500F848B8}"
EndProject
Project("{FAE04EC0-301F-11D3-BF4B-00C04F79EFBC}") = "Assembly-CSharp-Editor", "Assembly-CSharp-Editor.csproj", "{C3D46537-EA05-3C24-88A8-006DE1B6ACB0}"
EndProject
Global
	GlobalSection(SolutionConfigurationPlatforms) = preSolution
		Debug|Any CPU = Debug|Any CPU
		Release|Any CPU = Release|Any CPU
	EndGlobalSection
	GlobalSection(ProjectConfigurationPlatforms) = postSolution
		{A6AACFAB-80B4-9050-62F4-CF5500F848B8}.Debug|Any CPU.ActiveCfg = Debug|Any CPU
		{A6AACFAB-80B4-9050-62F4-CF5500F848B8}.Debug|Any CPU.Build.0 = Debug|Any CPU
		{A6AACFAB-80B4-9050-62F4-CF5500F848B8}.Release|Any CPU.ActiveCfg = Release|Any CPU
		{A6AACFAB-80B4-9050-62F4-CF5500F848B8}.Release|Any CPU.Build.0 = Release|Any CPU
		{C3D46537-EA05-3C24-88A8-006DE1B6ACB0}.Debug|Any CPU.ActiveCfg = Debug|Any CPU
		{C3D46537-EA05-3C24-88A8-006DE1B6ACB0}.Debug|Any CPU.Build.0 = Debug|Any CPU
		{C3D46537-EA05-3C24-88A8-006DE1B6ACB0}.Release|Any CPU.ActiveCfg = Release|Any CPU
		{C3D46537-EA05-3C24-88A8-006DE1B6ACB0}.Release|Any CPU.Build.0 = Release|Any CPU
	EndGlobalSection
	GlobalSection(SolutionProperties) = preSolution
		HideSolutionNode = FALSE
	EndGlobalSection
EndGlobal
